# THIS IS AN AUTOGENERATED FILE. DO NOT EDIT THIS FILE DIRECTLY.
# yarn lockfile v1


"@types/events@*":
  version "1.2.0"
  resolved "https://registry.yarnpkg.com/@types/events/-/events-1.2.0.tgz#81a6731ce4df43619e5c8c945383b3e62a89ea86"
  integrity sha512-KEIlhXnIutzKwRbQkGWb/I4HFqBuUykAdHgDED6xqwXJfONCjF5VoE0cXEiurh3XauygxzeDzgtXUqvLkxFzzA==

"@types/node@*":
  version "10.12.10"
  resolved "https://registry.yarnpkg.com/@types/node/-/node-10.12.10.tgz#4fa76e6598b7de3f0cb6ec3abacc4f59e5b3a2ce"
  integrity sha512-8xZEYckCbUVgK8Eg7lf5Iy4COKJ5uXlnIOnePN0WUwSQggy9tolM+tDJf7wMOnT/JT/W9xDYIaYggt3mRV2O5w==

"@types/pino@^4.16.0":
  version "4.16.1"
  resolved "https://registry.yarnpkg.com/@types/pino/-/pino-4.16.1.tgz#3b4b36e707cb364dcf0903503a7f44df67294b1c"
  integrity sha512-uYEhZ3jsuiYFsPcR34fbxVlrqzqphc+QQ3fU4rWR6PXH8ka2TKvPBjtkNqj8oBHouVGf4GCRfyPb7FG2TEtPZA==
  dependencies:
    "@types/events" "*"
    "@types/node" "*"

abstract-logging@^1.0.0:
  version "1.0.0"
  resolved "https://registry.yarnpkg.com/abstract-logging/-/abstract-logging-1.0.0.tgz#8b7deafd310559bc28f77724dd1bb30177278c1b"
  integrity sha1-i33q/TEFWbwo93ck3RuzAXcnjBs=

ajv@6.5.5:
  version "6.5.5"
  resolved "https://registry.yarnpkg.com/ajv/-/ajv-6.5.5.tgz#cf97cdade71c6399a92c6d6c4177381291b781a1"
  integrity sha512-7q7gtRQDJSyuEHjuVgHoUa2VuemFiCMrfQc9Tc08XTAc4Zj/5U1buQJ0HU6i7fKjXU09SVgSmxa4sLvuvS8Iyg==
  dependencies:
    fast-deep-equal "^2.0.1"
    fast-json-stable-stringify "^2.0.0"
    json-schema-traverse "^0.4.1"
    uri-js "^4.2.2"

ajv@^6.0.0, ajv@^6.5.4:
  version "6.6.1"
  resolved "https://registry.yarnpkg.com/ajv/-/ajv-6.6.1.tgz#6360f5ed0d80f232cc2b294c362d5dc2e538dd61"
  integrity sha512-ZoJjft5B+EJBjUyu9C9Hc0OZyPZSSlOF+plzouTrg6UlA8f+e/n8NIgBFG/9tppJtpPWfthHakK7juJdNDODww==
  dependencies:
    fast-deep-equal "^2.0.1"
    fast-json-stable-stringify "^2.0.0"
    json-schema-traverse "^0.4.1"
    uri-js "^4.2.2"

ansi-styles@^3.2.1:
  version "3.2.1"
  resolved "https://registry.yarnpkg.com/ansi-styles/-/ansi-styles-3.2.1.tgz#41fbb20243e50b12be0f04b8dedbf07520ce841d"
  integrity sha512-VT0ZI6kZRdTh8YyJw3SMbYm/u+NqfsAxEpWO0Pf9sq8/e94WxxOpPKx9FR1FlyCtOVDNOQ+8ntlqFxiRc+r5qA==
  dependencies:
    color-convert "^1.9.0"

avvio@^5.8.0:
  version "5.9.0"
  resolved "https://registry.yarnpkg.com/avvio/-/avvio-5.9.0.tgz#3513709b7d6a2bd93cb20252a13a875ae54d0b0a"
  integrity sha512-bzgrSPRdU1T/AkhEuXWAA6cJCFA3zApLk+5fkpcQt4US9YAI52AFYnsGX1HSCF2bHSltEYfk7fbffYu4WnazmA==
  dependencies:
    debug "^3.1.0"
    fastq "^1.6.0"

bs-platform@^4.0.7:
  version "4.0.7"
  resolved "https://registry.yarnpkg.com/bs-platform/-/bs-platform-4.0.7.tgz#1a0bbf0fef439fef5f1a88ba60d5ac8a6d73570c"
  integrity sha512-39ZXSugB03PznE7eSVwxq5z4S8Cn44r22T2eFd7rgFQ94HaB/mCNHXG0epF3mJLYhhhyPT9w3e/t+FAIjSdAkg==

chalk@^2.4.1:
  version "2.4.1"
  resolved "https://registry.yarnpkg.com/chalk/-/chalk-2.4.1.tgz#18c49ab16a037b6eb0152cc83e3471338215b66e"
  integrity sha512-ObN6h1v2fTJSmUXoS3nMQ92LbDK9be4TV+6G+omQlGJFdcUX5heKi1LZ1YnRMIgwTLEj3E24bT6tYni50rlCfQ==
  dependencies:
    ansi-styles "^3.2.1"
    escape-string-regexp "^1.0.5"
    supports-color "^5.3.0"

color-convert@^1.9.0:
  version "1.9.3"
  resolved "https://registry.yarnpkg.com/color-convert/-/color-convert-1.9.3.tgz#bb71850690e1f136567de629d2d5471deda4c1e8"
  integrity sha512-QfAUtd+vFdAtFQcC8CCyYt1fYWxSqAiK2cSD6zDB8N3cpsEBAvRxp9zOGg6G/SHHJYAT88/az/IuDGALsNVbGg==
  dependencies:
    color-name "1.1.3"

color-name@1.1.3:
  version "1.1.3"
  resolved "https://registry.yarnpkg.com/color-name/-/color-name-1.1.3.tgz#a7d0558bd89c42f795dd42328f740831ca53bc25"
  integrity sha1-p9BVi9icQveV3UIyj3QIMcpTvCU=

core-util-is@~1.0.0:
  version "1.0.2"
  resolved "https://registry.yarnpkg.com/core-util-is/-/core-util-is-1.0.2.tgz#b5fd54220aa2bc5ab57aab7140c940754503c1a7"
  integrity sha1-tf1UIgqivFq1eqtxQMlAdUUDwac=

debug@^3.1.0:
  version "3.2.6"
  resolved "https://registry.yarnpkg.com/debug/-/debug-3.2.6.tgz#e83d17de16d8a7efb7717edbe5fb10135eee629b"
  integrity sha512-mel+jf7nrtEl5Pn1Qx46zARXKDpBbvzezse7p7LqINmdoIk8PYP5SySaxEmYv6TZ0JyEKA1hsCId6DIhgITtWQ==
  dependencies:
    ms "^2.1.1"

deepmerge@^2.1.1:
  version "2.2.1"
  resolved "https://registry.yarnpkg.com/deepmerge/-/deepmerge-2.2.1.tgz#5d3ff22a01c00f645405a2fbc17d0778a1801170"
  integrity sha512-R9hc1Xa/NOBi9WRVUWg19rl1UB7Tt4kuPd+thNJgFZoxXsTz7ncaPaeIm+40oSGuP33DfMb4sZt1QIGiJzC4EA==

end-of-stream@^1.1.0, end-of-stream@^1.4.1:
  version "1.4.1"
  resolved "https://registry.yarnpkg.com/end-of-stream/-/end-of-stream-1.4.1.tgz#ed29634d19baba463b6ce6b80a37213eab71ec43"
  integrity sha512-1MkrZNvWTKCaigbn+W15elq2BB/L22nqrSY5DKlo3X6+vclJm8Bb5djXJBmEX6fS3+zCh/F4VBK5Z2KxJt4s2Q==
  dependencies:
    once "^1.4.0"

escape-string-regexp@^1.0.5:
  version "1.0.5"
  resolved "https://registry.yarnpkg.com/escape-string-regexp/-/escape-string-regexp-1.0.5.tgz#1b61c0562190a8dff6ae3bb2cf0200ca130b86d4"
  integrity sha1-G2HAViGQqN/2rjuyzwIAyhMLhtQ=

fast-decode-uri-component@^1.0.0:
  version "1.0.0"
  resolved "https://registry.yarnpkg.com/fast-decode-uri-component/-/fast-decode-uri-component-1.0.0.tgz#7ce10336aa4b26286fee93d71e6785ff0f596a33"
  integrity sha512-WQSYVKn6tDW/3htASeUkrx5LcnuTENQIZQPCVlwdnvIJ7bYtSpoJYq38MgUJnx1CQIR1gjZ8HJxAEcN4gqugBg==

fast-deep-equal@^2.0.1:
  version "2.0.1"
  resolved "https://registry.yarnpkg.com/fast-deep-equal/-/fast-deep-equal-2.0.1.tgz#7b05218ddf9667bf7f370bf7fdb2cb15fdd0aa49"
  integrity sha1-ewUhjd+WZ79/Nwv3/bLLFf3Qqkk=

fast-json-parse@^1.0.3:
  version "1.0.3"
  resolved "https://registry.yarnpkg.com/fast-json-parse/-/fast-json-parse-1.0.3.tgz#43e5c61ee4efa9265633046b770fb682a7577c4d"
  integrity sha512-FRWsaZRWEJ1ESVNbDWmsAlqDk96gPQezzLghafp5J4GUKjbCz3OkAHuZs5TuPEtkbVQERysLp9xv6c24fBm8Aw==

fast-json-stable-stringify@^2.0.0:
  version "2.0.0"
  resolved "https://registry.yarnpkg.com/fast-json-stable-stringify/-/fast-json-stable-stringify-2.0.0.tgz#d5142c0caee6b1189f87d3a76111064f86c8bbf2"
  integrity sha1-1RQsDK7msRifh9OnYREGT4bIu/I=

fast-json-stringify@^1.8.0:
  version "1.9.2"
  resolved "https://registry.yarnpkg.com/fast-json-stringify/-/fast-json-stringify-1.9.2.tgz#bb8f8e733659887470107f14e9cec928acb8ccb6"
  integrity sha512-V9XELlr0KZ0XHFkcrS85rcRieEc1hyA1xEi5ClZYKgXpCySSsHDwsVg2A7/7ATF48x0WKqbe/glxBifIRTaE+A==
  dependencies:
    ajv "^6.5.4"
    deepmerge "^2.1.1"

fast-safe-stringify@^1.0.8, fast-safe-stringify@^1.2.3:
  version "1.2.3"
  resolved "https://registry.yarnpkg.com/fast-safe-stringify/-/fast-safe-stringify-1.2.3.tgz#9fe22c37fb2f7f86f06b8f004377dbf8f1ee7bc1"
  integrity sha512-QJYT/i0QYoiZBQ71ivxdyTqkwKkQ0oxACXHYxH2zYHJEgzi2LsbjgvtzTbLi1SZcF190Db2YP7I7eTsU2egOlw==

fastify@^1.13.1:
  version "1.13.1"
  resolved "https://registry.yarnpkg.com/fastify/-/fastify-1.13.1.tgz#9e16a8d05133a405d9ba88e96e9cb246f70f9f99"
  integrity sha512-Ctpv8/tVMS0xocMOEC9KsKbIiVpdNK+bxgsV2cZHM6QzuEgdAyJv6oJzBO/6kpKp8OP0ywhuOXsw8Z4WJhAO8w==
  dependencies:
    "@types/pino" "^4.16.0"
    abstract-logging "^1.0.0"
    ajv "6.5.5"
    avvio "^5.8.0"
    end-of-stream "^1.4.1"
    fast-json-stringify "^1.8.0"
    find-my-way "^1.15.3"
    flatstr "^1.0.8"
    light-my-request "^3.0.0"
    middie "^3.1.0"
    pino "^4.17.3"
    proxy-addr "^2.0.3"
    tiny-lru "^2.0.0"

fastq@^1.6.0:
  version "1.6.0"
  resolved "https://registry.yarnpkg.com/fastq/-/fastq-1.6.0.tgz#4ec8a38f4ac25f21492673adb7eae9cfef47d1c2"
  integrity sha512-jmxqQ3Z/nXoeyDmWAzF9kH1aGZSis6e/SbfPmJpUnyZ0ogr6iscHQaml4wsEepEWSdtmpy+eVXmCRIMpxaXqOA==
  dependencies:
    reusify "^1.0.0"

find-my-way@^1.15.3:
  version "1.15.4"
  resolved "https://registry.yarnpkg.com/find-my-way/-/find-my-way-1.15.4.tgz#3b1da909347022e0b5ed94ecaaabf6d99096edd6"
  integrity sha512-3XPCOhoGMPK6ELgUHd5BuNxsL+fTNM0EIrTlcLwjT2uZq22UHL4IQt5N54PIQblk164ioZATRov9mcuA4RB3eA==
  dependencies:
    fast-decode-uri-component "^1.0.0"
    safe-regex "^1.1.0"
    semver-store "^0.3.0"

flatstr@^1.0.5, flatstr@^1.0.8:
  version "1.0.8"
  resolved "https://registry.yarnpkg.com/flatstr/-/flatstr-1.0.8.tgz#0e849229751f2b9f6a0919f8e81e1229e84ba901"
  integrity sha512-YXblbv/vc1zuVVUtnKl1hPqqk7TalZCppnKE7Pr8FI/Rp48vzckS/4SJ4Y9O9RNiI82Vcw/FydmtqdQOg1Dpqw==

forwarded@~0.1.2:
  version "0.1.2"
  resolved "https://registry.yarnpkg.com/forwarded/-/forwarded-0.1.2.tgz#98c23dab1175657b8c0573e8ceccd91b0ff18c84"
  integrity sha1-mMI9qxF1ZXuMBXPozszZGw/xjIQ=

has-flag@^3.0.0:
  version "3.0.0"
  resolved "https://registry.yarnpkg.com/has-flag/-/has-flag-3.0.0.tgz#b5d454dc2199ae225699f3467e5a07f3b955bafd"
  integrity sha1-tdRU3CGZriJWmfNGfloH87lVuv0=

inherits@^2.0.3, inherits@~2.0.3:
  version "2.0.3"
  resolved "https://registry.yarnpkg.com/inherits/-/inherits-2.0.3.tgz#633c2c83e3da42a502f52466022480f4208261de"
  integrity sha1-Yzwsg+PaQqUC9SRmAiSA9CCCYd4=

ipaddr.js@1.8.0:
  version "1.8.0"
  resolved "https://registry.yarnpkg.com/ipaddr.js/-/ipaddr.js-1.8.0.tgz#eaa33d6ddd7ace8f7f6fe0c9ca0440e706738b1e"
  integrity sha1-6qM9bd16zo9/b+DJygRA5wZzix4=

isarray@~1.0.0:
  version "1.0.0"
  resolved "https://registry.yarnpkg.com/isarray/-/isarray-1.0.0.tgz#bb935d48582cba168c06834957a54a3e07124f11"
  integrity sha1-u5NdSFgsuhaMBoNJV6VKPgcSTxE=

json-schema-traverse@^0.4.1:
  version "0.4.1"
  resolved "https://registry.yarnpkg.com/json-schema-traverse/-/json-schema-traverse-0.4.1.tgz#69f6a87d9513ab8bb8fe63bdb0979c448e684660"
  integrity sha512-xbbCH5dCYU5T8LcEhhuh7HJ88HXuW3qsI3Y0zOZFKfZEHcpWiHU/Jxzk629Brsab/mMiHQti9wMP+845RPe3Vg==

light-my-request@^3.0.0:
  version "3.1.0"
  resolved "https://registry.yarnpkg.com/light-my-request/-/light-my-request-3.1.0.tgz#c2bc47c329622d4282cd34764f6f4dfbcbe73144"
  integrity sha512-ZSFO3XnQNSKsHR/E2ZMga5btdiIa3sNoT6CZIZ8Hr1VHJWBNcRRurVYpQlaJqvQqwg3aOl09QpVOnjB9ajnYHQ==
  dependencies:
    ajv "^6.0.0"
    readable-stream "^3.0.0"

middie@^3.1.0:
  version "3.2.0"
  resolved "https://registry.yarnpkg.com/middie/-/middie-3.2.0.tgz#d7cf1deb78b4dd84ab5408c68271406b381bf339"
  integrity sha512-anXJ0QJfQcgneQvcWAJBwVvNckRLI68zWNEUv/7/7z/Wb/UMFTHmugpM93T4Q75+DclC9FHdms8cTseDQEV3yA==
  dependencies:
    path-to-regexp "^2.0.0"
    reusify "^1.0.2"

ms@^2.1.1:
  version "2.1.1"
  resolved "https://registry.yarnpkg.com/ms/-/ms-2.1.1.tgz#30a5864eb3ebb0a66f2ebe6d727af06a09d86e0a"
  integrity sha512-tgp+dl5cGk28utYktBsrFqA7HKgrhgPsg6Z/EfhWI4gl1Hwq8B/GmY/0oXZ6nF8hDVesS/FpnYaD/kOWhYQvyg==

once@^1.3.1, once@^1.4.0:
  version "1.4.0"
  resolved "https://registry.yarnpkg.com/once/-/once-1.4.0.tgz#583b1aa775961d4b113ac17d9c50baef9dd76bd1"
  integrity sha1-WDsap3WWHUsROsF9nFC6753Xa9E=
  dependencies:
    wrappy "1"

path-to-regexp@^2.0.0:
  version "2.4.0"
  resolved "https://registry.yarnpkg.com/path-to-regexp/-/path-to-regexp-2.4.0.tgz#35ce7f333d5616f1c1e1bfe266c3aba2e5b2e704"
  integrity sha512-G6zHoVqC6GGTQkZwF4lkuEyMbVOjoBKAEybQUypI1WTkqinCOrq2x6U2+phkJ1XsEMTy4LjtwPI7HW+NVrRR2w==

pino-std-serializers@^2.0.0:
  version "2.3.0"
  resolved "https://registry.yarnpkg.com/pino-std-serializers/-/pino-std-serializers-2.3.0.tgz#34eeaab97c055c28e22c0542ae55978e7e427786"
  integrity sha512-klfGoOsP6sJH7ON796G4xoUSx2fkpFgKHO4YVVO2zmz31jR+etzc/QzGJILaOIiCD6HTCFgkPx+XN8nk+ruqPw==

pino@^4.17.3:
  version "4.17.6"
  resolved "https://registry.yarnpkg.com/pino/-/pino-4.17.6.tgz#8c237f3a29f4104f89321c25037deab6a7998fb4"
  integrity sha512-LFDwmhyWLBnmwO/2UFbWu1jEGVDzaPupaVdx0XcZ3tIAx1EDEBauzxXf2S0UcFK7oe+X9MApjH0hx9U1XMgfCA==
  dependencies:
    chalk "^2.4.1"
    fast-json-parse "^1.0.3"
    fast-safe-stringify "^1.2.3"
    flatstr "^1.0.5"
    pino-std-serializers "^2.0.0"
    pump "^3.0.0"
    quick-format-unescaped "^1.1.2"
    split2 "^2.2.0"

process-nextick-args@~2.0.0:
  version "2.0.0"
  resolved "https://registry.yarnpkg.com/process-nextick-args/-/process-nextick-args-2.0.0.tgz#a37d732f4271b4ab1ad070d35508e8290788ffaa"
  integrity sha512-MtEC1TqN0EU5nephaJ4rAtThHtC86dNN9qCuEhtshvpVBkAW5ZO7BASN9REnF9eoXGcRub+pFuKEpOHE+HbEMw==

proxy-addr@^2.0.3:
  version "2.0.4"
  resolved "https://registry.yarnpkg.com/proxy-addr/-/proxy-addr-2.0.4.tgz#ecfc733bf22ff8c6f407fa275327b9ab67e48b93"
  integrity sha512-5erio2h9jp5CHGwcybmxmVqHmnCBZeewlfJ0pex+UW7Qny7OOZXTtH56TGNyBizkgiOwhJtMKrVzDTeKcySZwA==
  dependencies:
    forwarded "~0.1.2"
    ipaddr.js "1.8.0"

pump@^3.0.0:
  version "3.0.0"
  resolved "https://registry.yarnpkg.com/pump/-/pump-3.0.0.tgz#b4a2116815bde2f4e1ea602354e8c75565107a64"
  integrity sha512-LwZy+p3SFs1Pytd/jYct4wpv49HiYCqd9Rlc5ZVdk0V+8Yzv6jR5Blk3TRmPL1ft69TxP0IMZGJ+WPFU2BFhww==
  dependencies:
    end-of-stream "^1.1.0"
    once "^1.3.1"

punycode@^2.1.0:
  version "2.1.1"
  resolved "https://registry.yarnpkg.com/punycode/-/punycode-2.1.1.tgz#b58b010ac40c22c5657616c8d2c2c02c7bf479ec"
  integrity sha512-XRsRjdf+j5ml+y/6GKHPZbrF/8p2Yga0JPtdqTIY2Xe5ohJPD9saDJJLPvp9+NSBprVvevdXZybnj2cv8OEd0A==

quick-format-unescaped@^1.1.2:
  version "1.1.2"
  resolved "https://registry.yarnpkg.com/quick-format-unescaped/-/quick-format-unescaped-1.1.2.tgz#0ca581de3174becef25ac3c2e8956342381db698"
  integrity sha1-DKWB3jF0vs7yWsPC6JVjQjgdtpg=
  dependencies:
    fast-safe-stringify "^1.0.8"

readable-stream@^3.0.0:
  version "3.0.6"
  resolved "https://registry.yarnpkg.com/readable-stream/-/readable-stream-3.0.6.tgz#351302e4c68b5abd6a2ed55376a7f9a25be3057a"
  integrity sha512-9E1oLoOWfhSXHGv6QlwXJim7uNzd9EVlWK+21tCU9Ju/kR0/p2AZYPz4qSchgO8PlLIH4FpZYfzwS+rEksZjIg==
  dependencies:
    inherits "^2.0.3"
    string_decoder "^1.1.1"
    util-deprecate "^1.0.1"

readable-stream@~2.3.6:
  version "2.3.6"
  resolved "https://registry.yarnpkg.com/readable-stream/-/readable-stream-2.3.6.tgz#b11c27d88b8ff1fbe070643cf94b0c79ae1b0aaf"
  integrity sha512-tQtKA9WIAhBF3+VLAseyMqZeBjW0AHJoxOtYqSUZNJxauErmLbVm2FW1y+J/YA9dUrAC39ITejlZWhVIwawkKw==
  dependencies:
    core-util-is "~1.0.0"
    inherits "~2.0.3"
    isarray "~1.0.0"
    process-nextick-args "~2.0.0"
    safe-buffer "~5.1.1"
    string_decoder "~1.1.1"
    util-deprecate "~1.0.1"

ret@~0.1.10:
  version "0.1.15"
  resolved "https://registry.yarnpkg.com/ret/-/ret-0.1.15.tgz#b8a4825d5bdb1fc3f6f53c2bc33f81388681c7bc"
  integrity sha512-TTlYpa+OL+vMMNG24xSlQGEJ3B/RzEfUlLct7b5G/ytav+wPrplCpVMFuwzXbkecJrb6IYo1iFb0S9v37754mg==

reusify@^1.0.0, reusify@^1.0.2:
  version "1.0.4"
  resolved "https://registry.yarnpkg.com/reusify/-/reusify-1.0.4.tgz#90da382b1e126efc02146e90845a88db12925d76"
  integrity sha512-U9nH88a3fc/ekCF1l0/UP1IosiuIjyTh7hBvXVMHYgVcfGvt897Xguj2UOLDeI5BG2m7/uwyaLVT6fbtCwTyzw==

safe-buffer@~5.1.0, safe-buffer@~5.1.1:
  version "5.1.2"
  resolved "https://registry.yarnpkg.com/safe-buffer/-/safe-buffer-5.1.2.tgz#991ec69d296e0313747d59bdfd2b745c35f8828d"
  integrity sha512-Gd2UZBJDkXlY7GbJxfsE8/nvKkUEU1G38c1siN6QP6a9PT9MmHB8GnpscSmMJSoF8LOIrt8ud/wPtojys4G6+g==

safe-regex@^1.1.0:
  version "1.1.0"
  resolved "https://registry.yarnpkg.com/safe-regex/-/safe-regex-1.1.0.tgz#40a3669f3b077d1e943d44629e157dd48023bf2e"
  integrity sha1-QKNmnzsHfR6UPURinhV91IAjvy4=
  dependencies:
    ret "~0.1.10"

semver-store@^0.3.0:
  version "0.3.0"
  resolved "https://registry.yarnpkg.com/semver-store/-/semver-store-0.3.0.tgz#ce602ff07df37080ec9f4fb40b29576547befbe9"
  integrity sha512-TcZvGMMy9vodEFSse30lWinkj+JgOBvPn8wRItpQRSayhc+4ssDs335uklkfvQQJgL/WvmHLVj4Ycv2s7QCQMg==

split2@^2.2.0:
  version "2.2.0"
  resolved "https://registry.yarnpkg.com/split2/-/split2-2.2.0.tgz#186b2575bcf83e85b7d18465756238ee4ee42493"
  integrity sha512-RAb22TG39LhI31MbreBgIuKiIKhVsawfTgEGqKHTK87aG+ul/PB8Sqoi3I7kVdRWiCfrKxK3uo4/YUkpNvhPbw==
  dependencies:
    through2 "^2.0.2"

string_decoder@^1.1.1:
  version "1.2.0"
  resolved "https://registry.yarnpkg.com/string_decoder/-/string_decoder-1.2.0.tgz#fe86e738b19544afe70469243b2a1ee9240eae8d"
  integrity sha512-6YqyX6ZWEYguAxgZzHGL7SsCeGx3V2TtOTqZz1xSTSWnqsbWwbptafNyvf/ACquZUXV3DANr5BDIwNYe1mN42w==
  dependencies:
    safe-buffer "~5.1.0"

string_decoder@~1.1.1:
  version "1.1.1"
  resolved "https://registry.yarnpkg.com/string_decoder/-/string_decoder-1.1.1.tgz#9cf1611ba62685d7030ae9e4ba34149c3af03fc8"
  integrity sha512-n/ShnvDi6FHbbVfviro+WojiFzv+s8MPMHBczVePfUpDJLwoLT0ht1l4YwBCbi8pJAveEEdnkHyPyTP/mzRfwg==
  dependencies:
    safe-buffer "~5.1.0"

supports-color@^5.3.0:
  version "5.5.0"
  resolved "https://registry.yarnpkg.com/supports-color/-/supports-color-5.5.0.tgz#e2e69a44ac8772f78a1ec0b35b689df6530efc8f"
  integrity sha512-QjVjwdXIt408MIiAqCX4oUKsgU2EqAGzs2Ppkm4aQYbjm+ZEWEcW4SfFNTr4uMNZma0ey4f5lgLrkB0aX0QMow==
  dependencies:
    has-flag "^3.0.0"

through2@^2.0.2:
  version "2.0.5"
  resolved "https://registry.yarnpkg.com/through2/-/through2-2.0.5.tgz#01c1e39eb31d07cb7d03a96a70823260b23132cd"
  integrity sha512-/mrRod8xqpA+IHSLyGCQ2s8SPHiCDEeQJSep1jqLYeEUClOFG2Qsh+4FU6G9VeqpZnGW/Su8LQGc4YKni5rYSQ==
  dependencies:
    readable-stream "~2.3.6"
    xtend "~4.0.1"

tiny-lru@^2.0.0:
  version "2.0.0"
  resolved "https://registry.yarnpkg.com/tiny-lru/-/tiny-lru-2.0.0.tgz#1491ae2bd82d658246290fe48334039836cc6146"
  integrity sha512-LcvsiH/JYkeItdNK5w8EJjlHcOuaULkpjA97cfLBMvylHKlXAcccNFqKUw4EGhbYaFnhn6q7xqfTyO0xIOj59Q==

uri-js@^4.2.2:
  version "4.2.2"
  resolved "https://registry.yarnpkg.com/uri-js/-/uri-js-4.2.2.tgz#94c540e1ff772956e2299507c010aea6c8838eb0"
  integrity sha512-KY9Frmirql91X2Qgjry0Wd4Y+YTdrdZheS8TFwvkbLWf/G5KNJDCh6pKL5OZctEW4+0Baa5idK2ZQuELRwPznQ==
  dependencies:
    punycode "^2.1.0"

util-deprecate@^1.0.1, util-deprecate@~1.0.1:
  version "1.0.2"
  resolved "https://registry.yarnpkg.com/util-deprecate/-/util-deprecate-1.0.2.tgz#450d4dc9fa70de732762fbd2d4a28981419a0ccf"
  integrity sha1-RQ1Nyfpw3nMnYvvS1KKJgUGaDM8=

wrappy@1:
  version "1.0.2"
  resolved "https://registry.yarnpkg.com/wrappy/-/wrappy-1.0.2.tgz#b5243d8f3ec1aa35f1364605bc0d1036e30ab69f"
  integrity sha1-tSQ9jz7BqjXxNkYFvA0QNuMKtp8=

xtend@~4.0.1:
  version "4.0.1"
  resolved "https://registry.yarnpkg.com/xtend/-/xtend-4.0.1.tgz#a5c6d532be656e23db820efb943a1f04998d63af"
  integrity sha1-pcbVMr5lbiPbgg77lDofBJmNY68=
